
Microsoft Visual Studio Solution File, Format Version 12.00
# Visual Studio Version 16
VisualStudioVersion = 16.0.30413.136
MinimumVisualStudioVersion = 10.0.40219.1
Project("{FAE04EC0-301F-11D3-BF4B-00C04F79EFBC}") = "IoTProyecto", "IoTProyecto.csproj", "{CE995AF1-9C35-42E7-BB24-00BD8BA38594}"
EndProject
Global
	GlobalSection(SolutionConfigurationPlatforms) = preSolution
		Debug|Any CPU = Debug|Any CPU
		Release|Any CPU = Release|Any CPU
	EndGlobalSection
	GlobalSection(ProjectConfigurationPlatforms) = postSolution
		{CE995AF1-9C35-42E7-BB24-00BD8BA38594}.Debug|Any CPU.ActiveCfg = Debug|Any CPU
		{CE995AF1-9C35-42E7-BB24-00BD8BA38594}.Debug|Any CPU.Build.0 = Debug|Any CPU
		{CE995AF1-9C35-42E7-BB24-00BD8BA38594}.Release|Any CPU.ActiveCfg = Release|Any CPU
		{CE995AF1-9C35-42E7-BB24-00BD8BA38594}.Release|Any CPU.Build.0 = Release|Any CPU
	EndGlobalSection
	GlobalSection(SolutionProperties) = preSolution
		HideSolutionNode = FALSE
	EndGlobalSection
	GlobalSection(ExtensibilityGlobals) = postSolution
		SolutionGuid = {0B555F31-41E7-4F2E-8C99-CB157554B974}
	EndGlobalSection
EndGlobal
